// !$*UTF8*$!
{
	archiveVersion = 1;
	classes = {
	};
	objectVersion = 77;
	objects = {

/* Begin PBXContainerItemProxy section */
		BABBF5E52CE5EA420071F62F /* PBXContainerItemProxy */ = {
			isa = PBXContainerItemProxy;
			containerPortal = BABBF5C62CE5EA410071F62F /* Project object */;
			proxyType = 1;
			remoteGlobalIDString = BABBF5CD2CE5EA410071F62F;
			remoteInfo = Calculate;
		};
		BABBF5EF2CE5EA420071F62F /* PBXContainerItemProxy */ = {
			isa = PBXContainerItemProxy;
			containerPortal = BABBF5C62CE5EA410071F62F /* Project object */;
			proxyType = 1;
			remoteGlobalIDString = BABBF5CD2CE5EA410071F62F;
			remoteInfo = Calculate;
		};
/* End PBXContainerItemProxy section */

/* Begin PBXFileReference section */
		BABBF5CE2CE5EA410071F62F /* Calculate.app */ = {isa = PBXFileReference; explicitFileType = wrapper.application; includeInIndex = 0; path = Calculate.app; sourceTree = BUILT_PRODUCTS_DIR; };
		BABBF5E42CE5EA420071F62F /* CalculateTests.xctest */ = {isa = PBXFileReference; explicitFileType = wrapper.cfbundle; includeInIndex = 0; path = CalculateTests.xctest; sourceTree = BUILT_PRODUCTS_DIR; };
		BABBF5EE2CE5EA420071F62F /* CalculateUITests.xctest */ = {isa = PBXFileReference; explicitFileType = wrapper.cfbundle; includeInIndex = 0; path = CalculateUITests.xctest; sourceTree = BUILT_PRODUCTS_DIR; };
/* End PBXFileReference section */

/* Begin PBXFileSystemSynchronizedBuildFileExceptionSet section */
		BABBF5F62CE5EA420071F62F /* Exceptions for "Calculate" folder in "Calculate" target */ = {
			isa = PBXFileSystemSynchronizedBuildFileExceptionSet;
			membershipExceptions = (
				Info.plist,
			);
			target = BABBF5CD2CE5EA410071F62F /* Calculate */;
		};
/* End PBXFileSystemSynchronizedBuildFileExceptionSet section */

/* Begin PBXFileSystemSynchronizedRootGroup section */
		BABBF5D02CE5EA410071F62F /* Calculate */ = {
			isa = PBXFileSystemSynchronizedRootGroup;
			exceptions = (
				BABBF5F62CE5EA420071F62F /* Exceptions for "Calculate" folder in "Calculate" target */,
			);
			path = Calculate;
			sourceTree = "<group>";
		};
		BABBF5E72CE5EA420071F62F /* CalculateTests */ = {
			isa = PBXFileSystemSynchronizedRootGroup;
			path = CalculateTests;
			sourceTree = "<group>";
		};
		BABBF5F12CE5EA420071F62F /* CalculateUITests */ = {
			isa = PBXFileSystemSynchronizedRootGroup;
			path = CalculateUITests;
			sourceTree = "<group>";
		};
/* End PBXFileSystemSynchronizedRootGroup section */

/* Begin PBXFrameworksBuildPhase section */
		BABBF5CB2CE5EA410071F62F /* Frameworks */ = {
			isa = PBXFrameworksBuildPhase;
			buildActionMask = 2147483647;
			files = (
			);
			runOnlyForDeploymentPostprocessing = 0;
		};
		BABBF5E12CE5EA420071F62F /* Frameworks */ = {
			isa = PBXFrameworksBuildPhase;
			buildActionMask = 2147483647;
			files = (
			);
			runOnlyForDeploymentPostprocessing = 0;
		};
		BABBF5EB2CE5EA420071F62F /* Frameworks */ = {
			isa = PBXFrameworksBuildPhase;
			buildActionMask = 2147483647;
			files = (
			);
			runOnlyForDeploymentPostprocessing = 0;
		};
/* End PBXFrameworksBuildPhase section */

/* Begin PBXGroup section */
		BABBF5C52CE5EA410071F62F = {
			isa = PBXGroup;
			children = (
				BABBF5D02CE5EA410071F62F /* Calculate */,
				BABBF5E72CE5EA420071F62F /* CalculateTests */,
				BABBF5F12CE5EA420071F62F /* CalculateUITests */,
				BABBF5CF2CE5EA410071F62F /* Products */,
			);
			sourceTree = "<group>";
		};
		BABBF5CF2CE5EA410071F62F /* Products */ = {
			isa = PBXGroup;
			children = (
				BABBF5CE2CE5EA410071F62F /* Calculate.app */,
				BABBF5E42CE5EA420071F62F /* CalculateTests.xctest */,
				BABBF5EE2CE5EA420071F62F /* CalculateUITests.xctest */,
			);
			name = Products;
			sourceTree = "<group>";
		};
/* End PBXGroup section */

/* Begin PBXNativeTarget section */
		BABBF5CD2CE5EA410071F62F /* Calculate */ = {
			isa = PBXNativeTarget;
			buildConfigurationList = BABBF5F72CE5EA420071F62F /* Build configuration list for PBXNativeTarget "Calculate" */;
			buildPhases = (
				BABBF5CA2CE5EA410071F62F /* Sources */,
				BABBF5CB2CE5EA410071F62F /* Frameworks */,
				BABBF5CC2CE5EA410071F62F /* Resources */,
			);
			buildRules = (
			);
			dependencies = (
			);
			fileSystemSynchronizedGroups = (
				BABBF5D02CE5EA410071F62F /* Calculate */,
			);
			name = Calculate;
			packageProductDependencies = (
			);
			productName = Calculate;
			productReference = BABBF5CE2CE5EA410071F62F /* Calculate.app */;
			productType = "com.apple.product-type.application";
		};
		BABBF5E32CE5EA420071F62F /* CalculateTests */ = {
			isa = PBXNativeTarget;
			buildConfigurationList = BABBF5FC2CE5EA420071F62F /* Build configuration list for PBXNativeTarget "CalculateTests" */;
			buildPhases = (
				BABBF5E02CE5EA420071F62F /* Sources */,
				BABBF5E12CE5EA420071F62F /* Frameworks */,
				BABBF5E22CE5EA420071F62F /* Resources */,
			);
			buildRules = (
			);
			dependencies = (
				BABBF5E62CE5EA420071F62F /* PBXTargetDependency */,
			);
			fileSystemSynchronizedGroups = (
				BABBF5E72CE5EA420071F62F /* CalculateTests */,
			);
			name = CalculateTests;
			packageProductDependencies = (
			);
			productName = CalculateTests;
			productReference = BABBF5E42CE5EA420071F62F /* CalculateTests.xctest */;
			productType = "com.apple.product-type.bundle.unit-test";
		};
		BABBF5ED2CE5EA420071F62F /* CalculateUITests */ = {
			isa = PBXNativeTarget;
			buildConfigurationList = BABBF5FF2CE5EA420071F62F /* Build configuration list for PBXNativeTarget "CalculateUITests" */;
			buildPhases = (
				BABBF5EA2CE5EA420071F62F /* Sources */,
				BABBF5EB2CE5EA420071F62F /* Frameworks */,
				BABBF5EC2CE5EA420071F62F /* Resources */,
			);
			buildRules = (
			);
			dependencies = (
				BABBF5F02CE5EA420071F62F /* PBXTargetDependency */,
			);
			fileSystemSynchronizedGroups = (
				BABBF5F12CE5EA420071F62F /* CalculateUITests */,
			);
			name = CalculateUITests;
			packageProductDependencies = (
			);
			productName = CalculateUITests;
			productReference = BABBF5EE2CE5EA420071F62F /* CalculateUITests.xctest */;
			productType = "com.apple.product-type.bundle.ui-testing";
		};
/* End PBXNativeTarget section */

/* Begin PBXProject section */
		BABBF5C62CE5EA410071F62F /* Project object */ = {
			isa = PBXProject;
			attributes = {
				BuildIndependentTargetsInParallel = 1;
				LastSwiftUpdateCheck = 1610;
				LastUpgradeCheck = 1610;
				TargetAttributes = {
					BABBF5CD2CE5EA410071F62F = {
						CreatedOnToolsVersion = 16.1;
					};
					BABBF5E32CE5EA420071F62F = {
						CreatedOnToolsVersion = 16.1;
						TestTargetID = BABBF5CD2CE5EA410071F62F;
					};
					BABBF5ED2CE5EA420071F62F = {
						CreatedOnToolsVersion = 16.1;
						TestTargetID = BABBF5CD2CE5EA410071F62F;
					};
				};
			};
			buildConfigurationList = BABBF5C92CE5EA410071F62F /* Build configuration list for PBXProject "Calculate" */;
			developmentRegion = en;
			hasScannedForEncodings = 0;
			knownRegions = (
				en,
				Base,
			);
			mainGroup = BABBF5C52CE5EA410071F62F;
			minimizedProjectReferenceProxies = 1;
			preferredProjectObjectVersion = 77;
			productRefGroup = BABBF5CF2CE5EA410071F62F /* Products */;
			projectDirPath = "";
			projectRoot = "";
			targets = (
				BABBF5CD2CE5EA410071F62F /* Calculate */,
				BABBF5E32CE5EA420071F62F /* CalculateTests */,
				BABBF5ED2CE5EA420071F62F /* CalculateUITests */,
			);
		};
/* End PBXProject section */

/* Begin PBXResourcesBuildPhase section */
		BABBF5CC2CE5EA410071F62F /* Resources */ = {
			isa = PBXResourcesBuildPhase;
			buildActionMask = 2147483647;
			files = (
			);
			runOnlyForDeploymentPostprocessing = 0;
		};
		BABBF5E22CE5EA420071F62F /* Resources */ = {
			isa = PBXResourcesBuildPhase;
			buildActionMask = 2147483647;
			files = (
			);
			runOnlyForDeploymentPostprocessing = 0;
		};
		BABBF5EC2CE5EA420071F62F /* Resources */ = {
			isa = PBXResourcesBuildPhase;
			buildActionMask = 2147483647;
			files = (
			);
			runOnlyForDeploymentPostprocessing = 0;
		};
/* End PBXResourcesBuildPhase section */

/* Begin PBXSourcesBuildPhase section */
		BABBF5CA2CE5EA410071F62F /* Sources */ = {
			isa = PBXSourcesBuildPhase;
			buildActionMask = 2147483647;
			files = (
			);
			runOnlyForDeploymentPostprocessing = 0;
		};
		BABBF5E02CE5EA420071F62F /* Sources */ = {
			isa = PBXSourcesBuildPhase;
			buildActionMask = 2147483647;
			files = (
			);
			runOnlyForDeploymentPostprocessing = 0;
		};
		BABBF5EA2CE5EA420071F62F /* Sources */ = {
			isa = PBXSourcesBuildPhase;
			buildActionMask = 2147483647;
			files = (
			);
			runOnlyForDeploymentPostprocessing = 0;
		};
/* End PBXSourcesBuildPhase section */

/* Begin PBXTargetDependency section */
		BABBF5E62CE5EA420071F62F /* PBXTargetDependency */ = {
			isa = PBXTargetDependency;
			target = BABBF5CD2CE5EA410071F62F /* Calculate */;
			targetProxy = BABBF5E52CE5EA420071F62F /* PBXContainerItemProxy */;
		};
		BABBF5F02CE5EA420071F62F /* PBXTargetDependency */ = {
			isa = PBXTargetDependency;
			target = BABBF5CD2CE5EA410071F62F /* Calculate */;
			targetProxy = BABBF5EF2CE5EA420071F62F /* PBXContainerItemProxy */;
		};
/* End PBXTargetDependency section */

/* Begin XCBuildConfiguration section */
		BABBF5F82CE5EA420071F62F /* Debug */ = {
			isa = XCBuildConfiguration;
			buildSettings = {
				ASSETCATALOG_COMPILER_APPICON_NAME = AppIcon;
				ASSETCATALOG_COMPILER_GLOBAL_ACCENT_COLOR_NAME = AccentColor;
				CODE_SIGN_STYLE = Automatic;
				CURRENT_PROJECT_VERSION = 1;
				GENERATE_INFOPLIST_FILE = YES;
				INFOPLIST_FILE = Calculate/Info.plist;
				INFOPLIST_KEY_UIApplicationSupportsIndirectInputEvents = YES;
				INFOPLIST_KEY_UILaunchStoryboardName = LaunchScreen;
				INFOPLIST_KEY_UISupportedInterfaceOrientations_iPad = "UIInterfaceOrientationPortrait UIInterfaceOrientationPortraitUpsideDown UIInterfaceOrientationLandscapeLeft UIInterfaceOrientationLandscapeRight";
				INFOPLIST_KEY_UISupportedInterfaceOrientations_iPhone = "UIInterfaceOrientationPortrait UIInterfaceOrientationLandscapeLeft UIInterfaceOrientationLandscapeRight";
				LD_RUNPATH_SEARCH_PATHS = (
					"$(inherited)",
					"@executable_path/Frameworks",
				);
				MARKETING_VERSION = 1.0;
				PRODUCT_BUNDLE_IDENTIFIER = com.mun.Calculate;
				PRODUCT_NAME = "$(TARGET_NAME)";
				SWIFT_EMIT_LOC_STRINGS = YES;
				SWIFT_VERSION = 5.0;
				TARGETED_DEVICE_FAMILY = "1,2";
			};
			name = Debug;
		};
		BABBF5F92CE5EA420071F62F /* Release */ = {
			isa = XCBuildConfiguration;
			buildSettings = {
				ASSETCATALOG_COMPILER_APPICON_NAME = AppIcon;
				ASSETCATALOG_COMPILER_GLOBAL_ACCENT_COLOR_NAME = AccentColor;
				CODE_SIGN_STYLE = Automatic;
				CURRENT_PROJECT_VERSION = 1;
				GENERATE_INFOPLIST_FILE = YES;
				INFOPLIST_FILE = Calculate/Info.plist;
				INFOPLIST_KEY_UIApplicationSupportsIndirectInputEvents = YES;
				INFOPLIST_KEY_UILaunchStoryboardName = LaunchScreen;
				INFOPLIST_KEY_UISupportedInterfaceOrientations_iPad = "UIInterfaceOrientationPortrait UIInterfaceOrientationPortraitUpsideDown UIInterfaceOrientationLandscapeLeft UIInterfaceOrientationLandscapeRight";
				INFOPLIST_KEY_UISupportedInterfaceOrientations_iPhone = "UIInterfaceOrientationPortrait UIInterfaceOrientationLandscapeLeft UIInterfaceOrientationLandscapeRight";
				LD_RUNPATH_SEARCH_PATHS = (
					"$(inherited)",
					"@executable_path/Frameworks",
				);
				MARKETING_VERSION = 1.0;
				PRODUCT_BUNDLE_IDENTIFIER = com.mun.Calculate;
				PRODUCT_NAME = "$(TARGET_NAME)";
				SWIFT_EMIT_LOC_STRINGS = YES;
				SWIFT_VERSION = 5.0;
				TARGETED_DEVICE_FAMILY = "1,2";
			};
			name = Release;
		};
		BABBF5FA2CE5EA420071F62F /* Debug */ = {
			isa = XCBuildConfiguration;
			buildSettings = {
				ALWAYS_SEARCH_USER_PATHS = NO;
				ASSETCATALOG_COMPILER_GENERATE_SWIFT_ASSET_SYMBOL_EXTENSIONS = YES;
				CLANG_ANALYZER_NONNULL = YES;
				CLANG_ANALYZER_NUMBER_OBJECT_CONVERSION = YES_AGGRESSIVE;
				CLANG_CXX_LANGUAGE_STANDARD = "gnu++20";
				CLANG_ENABLE_MODULES = YES;
				CLANG_ENABLE_OBJC_ARC = YES;
				CLANG_ENABLE_OBJC_WEAK = YES;
				CLANG_WARN_BLOCK_CAPTURE_AUTORELEASING = YES;
				CLANG_WARN_BOOL_CONVERSION = YES;
				CLANG_WARN_COMMA = YES;
				CLANG_WARN_CONSTANT_CONVERSION = YES;
				CLANG_WARN_DEPRECATED_OBJC_IMPLEMENTATIONS = YES;
				CLANG_WARN_DIRECT_OBJC_ISA_USAGE = YES_ERROR;
				CLANG_WARN_DOCUMENTATION_COMMENTS = YES;
				CLANG_WARN_EMPTY_BODY = YES;
				CLANG_WARN_ENUM_CONVERSION = YES;
				CLANG_WARN_INFINITE_RECURSION = YES;
				CLANG_WARN_INT_CONVERSION = YES;
				CLANG_WARN_NON_LITERAL_NULL_CONVERSION = YES;
				CLANG_WARN_OBJC_IMPLICIT_RETAIN_SELF = YES;
				CLANG_WARN_OBJC_LITERAL_CONVERSION = YES;
				CLANG_WARN_OBJC_ROOT_CLASS = YES_ERROR;
				CLANG_WARN_QUOTED_INCLUDE_IN_FRAMEWORK_HEADER = YES;
				CLANG_WARN_RANGE_LOOP_ANALYSIS = YES;
				CLANG_WARN_STRICT_PROTOTYPES = YES;
				CLANG_WARN_SUSPICIOUS_MOVE = YES;
				CLANG_WARN_UNGUARDED_AVAILABILITY = YES_AGGRESSIVE;
				CLANG_WARN_UNREACHABLE_CODE = YES;
				CLANG_WARN__DUPLICATE_METHOD_MATCH = YES;
				COPY_PHASE_STRIP = NO;
				DEBUG_INFORMATION_FORMAT = dwarf;
				ENABLE_STRICT_OBJC_MSGSEND = YES;
				ENABLE_TESTABILITY = YES;
				ENABLE_USER_SCRIPT_SANDBOXING = YES;
				GCC_C_LANGUAGE_STANDARD = gnu17;
				GCC_DYNAMIC_NO_PIC = NO;
				GCC_NO_COMMON_BLOCKS = YES;
				GCC_OPTIMIZATION_LEVEL = 0;
				GCC_PREPROCESSOR_DEFINITIONS = (
					"DEBUG=1",
					"$(inherited)",
				);
				GCC_WARN_64_TO_32_BIT_CONVERSION = YES;
				GCC_WARN_ABOUT_RETURN_TYPE = YES_ERROR;
				GCC_WARN_UNDECLARED_SELECTOR = YES;
				GCC_WARN_UNINITIALIZED_AUTOS = YES_AGGRESSIVE;
				GCC_WARN_UNUSED_FUNCTION = YES;
				GCC_WARN_UNUSED_VARIABLE = YES;
				IPHONEOS_DEPLOYMENT_TARGET = 18.1;
				LOCALIZATION_PREFERS_STRING_CATALOGS = YES;
				MTL_ENABLE_DEBUG_INFO = INCLUDE_SOURCE;
				MTL_FAST_MATH = YES;
				ONLY_ACTIVE_ARCH = YES;
				SDKROOT = iphoneos;
				SWIFT_ACTIVE_COMPILATION_CONDITIONS = "DEBUG $(inherited)";
				SWIFT_OPTIMIZATION_LEVEL = "-Onone";
			};
			name = Debug;
		};
		BABBF5FB2CE5EA420071F62F /* Release */ = {
			isa = XCBuildConfiguration;
			buildSettings = {
				ALWAYS_SEARCH_USER_PATHS = NO;
				ASSETCATALOG_COMPILER_GENERATE_SWIFT_ASSET_SYMBOL_EXTENSIONS = YES;
				CLANG_ANALYZER_NONNULL = YES;
				CLANG_ANALYZER_NUMBER_OBJECT_CONVERSION = YES_AGGRESSIVE;
				CLANG_CXX_LANGUAGE_STANDARD = "gnu++20";
				CLANG_ENABLE_MODULES = YES;
				CLANG_ENABLE_OBJC_ARC = YES;
				CLANG_ENABLE_OBJC_WEAK = YES;
				CLANG_WARN_BLOCK_CAPTURE_AUTORELEASING = YES;
				CLANG_WARN_BOOL_CONVERSION = YES;
				CLANG_WARN_COMMA = YES;
				CLANG_WARN_CONSTANT_CONVERSION = YES;
				CLANG_WARN_DEPRECATED_OBJC_IMPLEMENTATIONS = YES;
				CLANG_WARN_DIRECT_OBJC_ISA_USAGE = YES_ERROR;
				CLANG_WARN_DOCUMENTATION_COMMENTS = YES;
				CLANG_WARN_EMPTY_BODY = YES;
				CLANG_WARN_ENUM_CONVERSION = YES;
				CLANG_WARN_INFINITE_RECURSION = YES;
				CLANG_WARN_INT_CONVERSION = YES;
				CLANG_WARN_NON_LITERAL_NULL_CONVERSION = YES;
				CLANG_WARN_OBJC_IMPLICIT_RETAIN_SELF = YES;
				CLANG_WARN_OBJC_LITERAL_CONVERSION = YES;
				CLANG_WARN_OBJC_ROOT_CLASS = YES_ERROR;
				CLANG_WARN_QUOTED_INCLUDE_IN_FRAMEWORK_HEADER = YES;
				CLANG_WARN_RANGE_LOOP_ANALYSIS = YES;
				CLANG_WARN_STRICT_PROTOTYPES = YES;
				CLANG_WARN_SUSPICIOUS_MOVE = YES;
				CLANG_WARN_UNGUARDED_AVAILABILITY = YES_AGGRESSIVE;
				CLANG_WARN_UNREACHABLE_CODE = YES;
				CLANG_WARN__DUPLICATE_METHOD_MATCH = YES;
				COPY_PHASE_STRIP = NO;
				DEBUG_INFORMATION_FORMAT = "dwarf-with-dsym";
				ENABLE_NS_ASSERTIONS = NO;
				ENABLE_STRICT_OBJC_MSGSEND = YES;
				ENABLE_USER_SCRIPT_SANDBOXING = YES;
				GCC_C_LANGUAGE_STANDARD = gnu17;
				GCC_NO_COMMON_BLOCKS = YES;
				GCC_WARN_64_TO_32_BIT_CONVERSION = YES;
				GCC_WARN_ABOUT_RETURN_TYPE = YES_ERROR;
				GCC_WARN_UNDECLARED_SELECTOR = YES;
				GCC_WARN_UNINITIALIZED_AUTOS = YES_AGGRESSIVE;
				GCC_WARN_UNUSED_FUNCTION = YES;
				GCC_WARN_UNUSED_VARIABLE = YES;
				IPHONEOS_DEPLOYMENT_TARGET = 18.1;
				LOCALIZATION_PREFERS_STRING_CATALOGS = YES;
				MTL_ENABLE_DEBUG_INFO = NO;
				MTL_FAST_MATH = YES;
				SDKROOT = iphoneos;
				SWIFT_COMPILATION_MODE = wholemodule;
				VALIDATE_PRODUCT = YES;
			};
			name = Release;
		};
		BABBF5FD2CE5EA420071F62F /* Debug */ = {
			isa = XCBuildConfiguration;
			buildSettings = {
				BUNDLE_LOADER = "$(TEST_HOST)";
				CODE_SIGN_STYLE = Automatic;
				CURRENT_PROJECT_VERSION = 1;
				GENERATE_INFOPLIST_FILE = YES;
				IPHONEOS_DEPLOYMENT_TARGET = 18.1;
				MARKETING_VERSION = 1.0;
				PRODUCT_BUNDLE_IDENTIFIER = com.mun.CalculateTests;
				PRODUCT_NAME = "$(TARGET_NAME)";
				SWIFT_EMIT_LOC_STRINGS = NO;
				SWIFT_VERSION = 5.0;
				TARGETED_DEVICE_FAMILY = "1,2";
				TEST_HOST = "$(BUILT_PRODUCTS_DIR)/Calculate.app/$(BUNDLE_EXECUTABLE_FOLDER_PATH)/Calculate";
			};
			name = Debug;
		};
		BABBF5FE2CE5EA420071F62F /* Release */ = {
			isa = XCBuildConfiguration;
			buildSettings = {
				BUNDLE_LOADER = "$(TEST_HOST)";
				CODE_SIGN_STYLE = Automatic;
				CURRENT_PROJECT_VERSION = 1;
				GENERATE_INFOPLIST_FILE = YES;
				IPHONEOS_DEPLOYMENT_TARGET = 18.1;
				MARKETING_VERSION = 1.0;
				PRODUCT_BUNDLE_IDENTIFIER = com.mun.CalculateTests;
				PRODUCT_NAME = "$(TARGET_NAME)";
				SWIFT_EMIT_LOC_STRINGS = NO;
				SWIFT_VERSION = 5.0;
				TARGETED_DEVICE_FAMILY = "1,2";
				TEST_HOST = "$(BUILT_PRODUCTS_DIR)/Calculate.app/$(BUNDLE_EXECUTABLE_FOLDER_PATH)/Calculate";
			};
			name = Release;
		};
		BABBF6002CE5EA420071F62F /* Debug */ = {
			isa = XCBuildConfiguration;
			buildSettings = {
				CODE_SIGN_STYLE = Automatic;
				CURRENT_PROJECT_VERSION = 1;
				GENERATE_INFOPLIST_FILE = YES;
				MARKETING_VERSION = 1.0;
				PRODUCT_BUNDLE_IDENTIFIER = com.mun.CalculateUITests;
				PRODUCT_NAME = "$(TARGET_NAME)";
				SWIFT_EMIT_LOC_STRINGS = NO;
				SWIFT_VERSION = 5.0;
				TARGETED_DEVICE_FAMILY = "1,2";
				TEST_TARGET_NAME = Calculate;
			};
			name = Debug;
		};
		BABBF6012CE5EA420071F62F /* Release */ = {
			isa = XCBuildConfiguration;
			buildSettings = {
				CODE_SIGN_STYLE = Automatic;
				CURRENT_PROJECT_VERSION = 1;
				GENERATE_INFOPLIST_FILE = YES;
				MARKETING_VERSION = 1.0;
				PRODUCT_BUNDLE_IDENTIFIER = com.mun.CalculateUITests;
				PRODUCT_NAME = "$(TARGET_NAME)";
				SWIFT_EMIT_LOC_STRINGS = NO;
				SWIFT_VERSION = 5.0;
				TARGETED_DEVICE_FAMILY = "1,2";
				TEST_TARGET_NAME = Calculate;
			};
			name = Release;
		};
/* End XCBuildConfiguration section */

/* Begin XCConfigurationList section */
		BABBF5C92CE5EA410071F62F /* Build configuration list for PBXProject "Calculate" */ = {
			isa = XCConfigurationList;
			buildConfigurations = (
				BABBF5FA2CE5EA420071F62F /* Debug */,
				BABBF5FB2CE5EA420071F62F /* Release */,
			);
			defaultConfigurationIsVisible = 0;
			defaultConfigurationName = Release;
		};
		BABBF5F72CE5EA420071F62F /* Build configuration list for PBXNativeTarget "Calculate" */ = {
			isa = XCConfigurationList;
			buildConfigurations = (
				BABBF5F82CE5EA420071F62F /* Debug */,
				BABBF5F92CE5EA420071F62F /* Release */,
			);
			defaultConfigurationIsVisible = 0;
			defaultConfigurationName = Release;
		};
		BABBF5FC2CE5EA420071F62F /* Build configuration list for PBXNativeTarget "CalculateTests" */ = {
			isa = XCConfigurationList;
			buildConfigurations = (
				BABBF5FD2CE5EA420071F62F /* Debug */,
				BABBF5FE2CE5EA420071F62F /* Release */,
			);
			defaultConfigurationIsVisible = 0;
			defaultConfigurationName = Release;
		};
		BABBF5FF2CE5EA420071F62F /* Build configuration list for PBXNativeTarget "CalculateUITests" */ = {
			isa = XCConfigurationList;
			buildConfigurations = (
				BABBF6002CE5EA420071F62F /* Debug */,
				BABBF6012CE5EA420071F62F /* Release */,
			);
			defaultConfigurationIsVisible = 0;
			defaultConfigurationName = Release;
		};
/* End XCConfigurationList section */
	};
	rootObject = BABBF5C62CE5EA410071F62F /* Project object */;
}
